
Microsoft Visual Studio Solution File, Format Version 12.00
# Visual Studio Version 17
VisualStudioVersion = 17.14.37411.7 d17.14
MinimumVisualStudioVersion = 10.0.40219.1
Project("{FAE04EC0-301F-11D3-BF4B-00C04F79EFBC}") = "SimpleCalculator", "SimpleCalculator\SimpleCalculator.csproj", "{24146DA9-6859-4494-B068-9B67536A8AA6}"
EndProject
Global
	GlobalSection(SolutionConfigurationPlatforms) = preSolution
		Debug|Any CPU = Debug|Any CPU
		Release|Any CPU = Release|Any CPU
	EndGlobalSection
	GlobalSection(ProjectConfigurationPlatforms) = postSolution
		{24146DA9-6859-4494-B068-9B67536A8AA6}.Debug|Any CPU.ActiveCfg = Debug|Any CPU
		{24146DA9-6859-4494-B068-9B67536A8AA6}.Debug|Any CPU.Build.0 = Debug|Any CPU
		{24146DA9-6859-4494-B068-9B67536A8AA6}.Release|Any CPU.ActiveCfg = Release|Any CPU
		{24146DA9-6859-4494-B068-9B67536A8AA6}.Release|Any CPU.Build.0 = Release|Any CPU
	EndGlobalSection
	GlobalSection(SolutionProperties) = preSolution
		HideSolutionNode = FALSE
	EndGlobalSection
	GlobalSection(ExtensibilityGlobals) = postSolution
		SolutionGuid = {1642D28F-A812-4A11-B5E7-004545C97845}
	EndGlobalSection
EndGlobal
